
Microsoft Visual Studio Solution File, Format Version 12.00
# Visual Studio Version 17
VisualStudioVersion = 17.7.34221.43
MinimumVisualStudioVersion = 10.0.40219.1
Project("{FAE04EC0-301F-11D3-BF4B-00C04F79EFBC}") = "10023767_P2", "10023767_P2.csproj", "{A44EC413-26BB-4244-A000-93CBB5A111E2}"
EndProject
Project("{FAE04EC0-301F-11D3-BF4B-00C04F79EFBC}") = "CustomClassLibrary", "..\ValidationClassLibrary\CustomClassLibrary.csproj", "{F35A05DA-1CF8-4820-B87F-8E883065B151}"
EndProject
Global
	GlobalSection(SolutionConfigurationPlatforms) = preSolution
		Debug|Any CPU = Debug|Any CPU
		Release|Any CPU = Release|Any CPU
	EndGlobalSection
	GlobalSection(ProjectConfigurationPlatforms) = postSolution
		{A44EC413-26BB-4244-A000-93CBB5A111E2}.Debug|Any CPU.ActiveCfg = Debug|Any CPU
		{A44EC413-26BB-4244-A000-93CBB5A111E2}.Debug|Any CPU.Build.0 = Debug|Any CPU
		{A44EC413-26BB-4244-A000-93CBB5A111E2}.Release|Any CPU.ActiveCfg = Release|Any CPU
		{A44EC413-26BB-4244-A000-93CBB5A111E2}.Release|Any CPU.Build.0 = Release|Any CPU
		{F35A05DA-1CF8-4820-B87F-8E883065B151}.Debug|Any CPU.ActiveCfg = Debug|Any CPU
		{F35A05DA-1CF8-4820-B87F-8E883065B151}.Debug|Any CPU.Build.0 = Debug|Any CPU
		{F35A05DA-1CF8-4820-B87F-8E883065B151}.Release|Any CPU.ActiveCfg = Release|Any CPU
		{F35A05DA-1CF8-4820-B87F-8E883065B151}.Release|Any CPU.Build.0 = Release|Any CPU
	EndGlobalSection
	GlobalSection(SolutionProperties) = preSolution
		HideSolutionNode = FALSE
	EndGlobalSection
	GlobalSection(ExtensibilityGlobals) = postSolution
		SolutionGuid = {7010303F-BBB4-466A-A840-5E1DBF908B97}
	EndGlobalSection
EndGlobal
